
Microsoft Visual Studio Solution File, Format Version 12.00
# Visual Studio Version 17
VisualStudioVersion = 17.11.35312.102
MinimumVisualStudioVersion = 10.0.40219.1
Project("{2150E333-8FDC-42A3-9474-1A3956D46DE8}") = "Task0", "Task0", "{68395508-9445-4D53-A72A-272CA2D7AADD}"
EndProject
Project("{9A19103F-16F7-4668-BE54-9A1E7A4F7556}") = "Tyuiu.PlatonovaPE.Sprint1.Task0.V27.Lib", "Tyuiu.PlatonovaPE.Sprint1.Task0.V27.Lib\Tyuiu.PlatonovaPE.Sprint1.Task0.V27.Lib.csproj", "{586615E6-D7CB-4B03-8524-94221E704829}"
EndProject
Project("{9A19103F-16F7-4668-BE54-9A1E7A4F7556}") = "Tyuiu.PlatonovaPE.Sprint1.Task0.V27", "Tyuiu.PlatonovaPE.Sprint1.Task0.V27\Tyuiu.PlatonovaPE.Sprint1.Task0.V27.csproj", "{AFA61362-37A2-45FB-BB61-2A3E0AE3C636}"
EndProject
Project("{9A19103F-16F7-4668-BE54-9A1E7A4F7556}") = "Tyuiu.PlatonovaPE.Sprint1.Task0.V27.Test", "Tyuiu.PlatonovaPE.Sprint1.Task0.V27.Test\Tyuiu.PlatonovaPE.Sprint1.Task0.V27.Test.csproj", "{9F6D2780-37F2-437C-920A-8650C4437EA6}"
EndProject
Project("{2150E333-8FDC-42A3-9474-1A3956D46DE8}") = "Task1", "Task1", "{B605306C-5736-4DF3-987D-FE64FC759849}"
EndProject
Project("{9A19103F-16F7-4668-BE54-9A1E7A4F7556}") = "Tyuiu.PlatonovaPE.Sprint1.Task1.V3", "Tyuiu.PlatonovaPE.Sprint1.Task1.V3\Tyuiu.PlatonovaPE.Sprint1.Task1.V3.csproj", "{62960D77-A713-41B5-BB44-896B567F4DEB}"
EndProject
Project("{9A19103F-16F7-4668-BE54-9A1E7A4F7556}") = "Tyuiu.PlatonovaPE.Sprint1.Task1.V3.Test", "Tyuiu.PlatonovaPE.Sprint1.Task1.V3.Test\Tyuiu.PlatonovaPE.Sprint1.Task1.V3.Test.csproj", "{7E3673E6-BDB0-48B5-A50D-17EB67D997A4}"
EndProject
Project("{9A19103F-16F7-4668-BE54-9A1E7A4F7556}") = "Tyuiu.PlatonovaPE.Sprint1.Task1.V3.Lib", "Tyuiu.PlatonovaPE.Sprint1.Task1.V3.Lib\Tyuiu.PlatonovaPE.Sprint1.Task1.V3.Lib.csproj", "{AA9971C1-B8DD-4136-AF86-6AFEE1147CA1}"
EndProject
Project("{2150E333-8FDC-42A3-9474-1A3956D46DE8}") = "Task2", "Task2", "{124A0468-E92A-4286-820A-12A836FD3DB3}"
EndProject
Project("{9A19103F-16F7-4668-BE54-9A1E7A4F7556}") = "Tyuiu.PlatonovaPE.Sprint1.Task2.V19.Lib", "Tyuiu.PlatonovaPE.Sprint1.Task2.V19.Lib\Tyuiu.PlatonovaPE.Sprint1.Task2.V19.Lib.csproj", "{56426CB3-E4F8-4618-858D-470F642EB52D}"
EndProject
Project("{9A19103F-16F7-4668-BE54-9A1E7A4F7556}") = "Tyuiu.PlatonovaPE.Sprint1.Task2.V19.Test", "Tyuiu.PlatonovaPE.Sprint1.Task2.V19.Test\Tyuiu.PlatonovaPE.Sprint1.Task2.V19.Test.csproj", "{BF00B0A8-BCCB-473B-BB5B-F865AD1CB6E2}"
EndProject
Project("{9A19103F-16F7-4668-BE54-9A1E7A4F7556}") = "Tyuiu.PlatonovaPE.Sprint1.Task2.V19", "Tyuiu.PlatonovaPE.Sprint1.Task2.V19\Tyuiu.PlatonovaPE.Sprint1.Task2.V19.csproj", "{FD58C0ED-01E0-45F2-8FCD-C19B6F62EB94}"
EndProject
Project("{2150E333-8FDC-42A3-9474-1A3956D46DE8}") = "Task3", "Task3", "{8F543A34-0C21-4A33-9FF9-C1E8B6CF78FF}"
EndProject
Project("{9A19103F-16F7-4668-BE54-9A1E7A4F7556}") = "Tyuiu.PlatonovaPE.Sprint1.Task3.V9", "Tyuiu.PlatonovaPE.Sprint1.Task3.V9\Tyuiu.PlatonovaPE.Sprint1.Task3.V9.csproj", "{65FB9B29-7CA7-4E57-8233-8EB45E376B36}"
EndProject
Project("{9A19103F-16F7-4668-BE54-9A1E7A4F7556}") = "Tyuiu.PlatonovaPE.Sprint1.Task3.V9.Test", "Tyuiu.PlatonovaPE.Sprint1.Task3.V9.Test\Tyuiu.PlatonovaPE.Sprint1.Task3.V9.Test.csproj", "{8A3E2276-D7C4-4FBD-BC3E-A6233FA1476D}"
EndProject
Project("{9A19103F-16F7-4668-BE54-9A1E7A4F7556}") = "Tyuiu.PlatonovaPE.Sprint1.Task3.V9.Lib", "Tyuiu.PlatonovaPE.Sprint1.Task3.V9.Lib\Tyuiu.PlatonovaPE.Sprint1.Task3.V9.Lib.csproj", "{EF4BDCDB-9BE2-4FE6-8BF3-0BC1575F0003}"
EndProject
Project("{2150E333-8FDC-42A3-9474-1A3956D46DE8}") = "Task4", "Task4", "{03BD9D9F-C36B-4CA2-8FCD-6037B8B87745}"
EndProject
Project("{9A19103F-16F7-4668-BE54-9A1E7A4F7556}") = "Tyuiu.PlatonovaPE.Sprint1.Task4.V11", "Tyuiu.PlatonovaPE.Sprint1.Task4.V11\Tyuiu.PlatonovaPE.Sprint1.Task4.V11.csproj", "{6AD7556B-3767-48F1-8DB6-F99772C0B610}"
EndProject
Project("{9A19103F-16F7-4668-BE54-9A1E7A4F7556}") = "Tyuiu.PlatonovaPE.Sprint1.Task4.V11.Lib.Test", "Tyuiu.PlatonovaPE.Sprint1.Task4.V11.Lib.Test\Tyuiu.PlatonovaPE.Sprint1.Task4.V11.Lib.Test.csproj", "{CD5F6D1D-795C-43A2-B6E4-93E5293C680B}"
EndProject
Project("{9A19103F-16F7-4668-BE54-9A1E7A4F7556}") = "Tyuiu.PlatonovaPE.Sprint1.Task4.V11.Lib", "Tyuiu.PlatonovaPE.Sprint1.Task4.V11.Lib\Tyuiu.PlatonovaPE.Sprint1.Task4.V11.Lib.csproj", "{FD11C19E-DCF3-453D-81E5-72D5AA46B2C8}"
EndProject
Project("{2150E333-8FDC-42A3-9474-1A3956D46DE8}") = "Task5", "Task5", "{8DA1D19D-43AF-4DDA-8C22-DF2DB95A6CE8}"
EndProject
Project("{FAE04EC0-301F-11D3-BF4B-00C04F79EFBC}") = "Tyuiu.PlatonovaPE.Sprint1.Task5.V1", "Tyuiu.PlatonovaPE.Sprint1.Task5.V1\Tyuiu.PlatonovaPE.Sprint1.Task5.V1.csproj", "{D1A1F168-30C6-4AA7-8C2F-2646BAD3FDF9}"
EndProject
Project("{FAE04EC0-301F-11D3-BF4B-00C04F79EFBC}") = "Tyuiu.PlatonovaPE.Sprint1.Task5.V1.Lib", "Tyuiu.PlatonovaPE.Sprint1.Task5.V1.Lib\Tyuiu.PlatonovaPE.Sprint1.Task5.V1.Lib.csproj", "{83BE65E6-B097-4F7C-B002-DEAAC69999D7}"
EndProject
Project("{FAE04EC0-301F-11D3-BF4B-00C04F79EFBC}") = "Tyuiu.PlatonovaPE.Sprint1.Task5.V1.Test", "Tyuiu.PlatonovaPE.Sprint1.Task5.V1.Test\Tyuiu.PlatonovaPE.Sprint1.Task5.V1.Test.csproj", "{EA7A91AF-99CA-4012-8A6E-F77EEED2D677}"
EndProject
Global
	GlobalSection(SolutionConfigurationPlatforms) = preSolution
		Debug|Any CPU = Debug|Any CPU
		Release|Any CPU = Release|Any CPU
	EndGlobalSection
	GlobalSection(ProjectConfigurationPlatforms) = postSolution
		{586615E6-D7CB-4B03-8524-94221E704829}.Debug|Any CPU.ActiveCfg = Debug|Any CPU
		{586615E6-D7CB-4B03-8524-94221E704829}.Debug|Any CPU.Build.0 = Debug|Any CPU
		{586615E6-D7CB-4B03-8524-94221E704829}.Release|Any CPU.ActiveCfg = Release|Any CPU
		{586615E6-D7CB-4B03-8524-94221E704829}.Release|Any CPU.Build.0 = Release|Any CPU
		{AFA61362-37A2-45FB-BB61-2A3E0AE3C636}.Debug|Any CPU.ActiveCfg = Debug|Any CPU
		{AFA61362-37A2-45FB-BB61-2A3E0AE3C636}.Debug|Any CPU.Build.0 = Debug|Any CPU
		{AFA61362-37A2-45FB-BB61-2A3E0AE3C636}.Release|Any CPU.ActiveCfg = Release|Any CPU
		{AFA61362-37A2-45FB-BB61-2A3E0AE3C636}.Release|Any CPU.Build.0 = Release|Any CPU
		{9F6D2780-37F2-437C-920A-8650C4437EA6}.Debug|Any CPU.ActiveCfg = Debug|Any CPU
		{9F6D2780-37F2-437C-920A-8650C4437EA6}.Debug|Any CPU.Build.0 = Debug|Any CPU
		{9F6D2780-37F2-437C-920A-8650C4437EA6}.Release|Any CPU.ActiveCfg = Release|Any CPU
		{9F6D2780-37F2-437C-920A-8650C4437EA6}.Release|Any CPU.Build.0 = Release|Any CPU
		{62960D77-A713-41B5-BB44-896B567F4DEB}.Debug|Any CPU.ActiveCfg = Debug|Any CPU
		{62960D77-A713-41B5-BB44-896B567F4DEB}.Debug|Any CPU.Build.0 = Debug|Any CPU
		{62960D77-A713-41B5-BB44-896B567F4DEB}.Release|Any CPU.ActiveCfg = Release|Any CPU
		{62960D77-A713-41B5-BB44-896B567F4DEB}.Release|Any CPU.Build.0 = Release|Any CPU
		{7E3673E6-BDB0-48B5-A50D-17EB67D997A4}.Debug|Any CPU.ActiveCfg = Debug|Any CPU
		{7E3673E6-BDB0-48B5-A50D-17EB67D997A4}.Debug|Any CPU.Build.0 = Debug|Any CPU
		{7E3673E6-BDB0-48B5-A50D-17EB67D997A4}.Release|Any CPU.ActiveCfg = Release|Any CPU
		{7E3673E6-BDB0-48B5-A50D-17EB67D997A4}.Release|Any CPU.Build.0 = Release|Any CPU
		{AA9971C1-B8DD-4136-AF86-6AFEE1147CA1}.Debug|Any CPU.ActiveCfg = Debug|Any CPU
		{AA9971C1-B8DD-4136-AF86-6AFEE1147CA1}.Debug|Any CPU.Build.0 = Debug|Any CPU
		{AA9971C1-B8DD-4136-AF86-6AFEE1147CA1}.Release|Any CPU.ActiveCfg = Release|Any CPU
		{AA9971C1-B8DD-4136-AF86-6AFEE1147CA1}.Release|Any CPU.Build.0 = Release|Any CPU
		{56426CB3-E4F8-4618-858D-470F642EB52D}.Debug|Any CPU.ActiveCfg = Debug|Any CPU
		{56426CB3-E4F8-4618-858D-470F642EB52D}.Debug|Any CPU.Build.0 = Debug|Any CPU
		{56426CB3-E4F8-4618-858D-470F642EB52D}.Release|Any CPU.ActiveCfg = Release|Any CPU
		{56426CB3-E4F8-4618-858D-470F642EB52D}.Release|Any CPU.Build.0 = Release|Any CPU
		{BF00B0A8-BCCB-473B-BB5B-F865AD1CB6E2}.Debug|Any CPU.ActiveCfg = Debug|Any CPU
		{BF00B0A8-BCCB-473B-BB5B-F865AD1CB6E2}.Debug|Any CPU.Build.0 = Debug|Any CPU
		{BF00B0A8-BCCB-473B-BB5B-F865AD1CB6E2}.Release|Any CPU.ActiveCfg = Release|Any CPU
		{BF00B0A8-BCCB-473B-BB5B-F865AD1CB6E2}.Release|Any CPU.Build.0 = Release|Any CPU
		{FD58C0ED-01E0-45F2-8FCD-C19B6F62EB94}.Debug|Any CPU.ActiveCfg = Debug|Any CPU
		{FD58C0ED-01E0-45F2-8FCD-C19B6F62EB94}.Debug|Any CPU.Build.0 = Debug|Any CPU
		{FD58C0ED-01E0-45F2-8FCD-C19B6F62EB94}.Release|Any CPU.ActiveCfg = Release|Any CPU
		{FD58C0ED-01E0-45F2-8FCD-C19B6F62EB94}.Release|Any CPU.Build.0 = Release|Any CPU
		{65FB9B29-7CA7-4E57-8233-8EB45E376B36}.Debug|Any CPU.ActiveCfg = Debug|Any CPU
		{65FB9B29-7CA7-4E57-8233-8EB45E376B36}.Debug|Any CPU.Build.0 = Debug|Any CPU
		{65FB9B29-7CA7-4E57-8233-8EB45E376B36}.Release|Any CPU.ActiveCfg = Release|Any CPU
		{65FB9B29-7CA7-4E57-8233-8EB45E376B36}.Release|Any CPU.Build.0 = Release|Any CPU
		{8A3E2276-D7C4-4FBD-BC3E-A6233FA1476D}.Debug|Any CPU.ActiveCfg = Debug|Any CPU
		{8A3E2276-D7C4-4FBD-BC3E-A6233FA1476D}.Debug|Any CPU.Build.0 = Debug|Any CPU
		{8A3E2276-D7C4-4FBD-BC3E-A6233FA1476D}.Release|Any CPU.ActiveCfg = Release|Any CPU
		{8A3E2276-D7C4-4FBD-BC3E-A6233FA1476D}.Release|Any CPU.Build.0 = Release|Any CPU
		{EF4BDCDB-9BE2-4FE6-8BF3-0BC1575F0003}.Debug|Any CPU.ActiveCfg = Debug|Any CPU
		{EF4BDCDB-9BE2-4FE6-8BF3-0BC1575F0003}.Debug|Any CPU.Build.0 = Debug|Any CPU
		{EF4BDCDB-9BE2-4FE6-8BF3-0BC1575F0003}.Release|Any CPU.ActiveCfg = Release|Any CPU
		{EF4BDCDB-9BE2-4FE6-8BF3-0BC1575F0003}.Release|Any CPU.Build.0 = Release|Any CPU
		{6AD7556B-3767-48F1-8DB6-F99772C0B610}.Debug|Any CPU.ActiveCfg = Debug|Any CPU
		{6AD7556B-3767-48F1-8DB6-F99772C0B610}.Debug|Any CPU.Build.0 = Debug|Any CPU
		{6AD7556B-3767-48F1-8DB6-F99772C0B610}.Release|Any CPU.ActiveCfg = Release|Any CPU
		{6AD7556B-3767-48F1-8DB6-F99772C0B610}.Release|Any CPU.Build.0 = Release|Any CPU
		{CD5F6D1D-795C-43A2-B6E4-93E5293C680B}.Debug|Any CPU.ActiveCfg = Debug|Any CPU
		{CD5F6D1D-795C-43A2-B6E4-93E5293C680B}.Debug|Any CPU.Build.0 = Debug|Any CPU
		{CD5F6D1D-795C-43A2-B6E4-93E5293C680B}.Release|Any CPU.ActiveCfg = Release|Any CPU
		{CD5F6D1D-795C-43A2-B6E4-93E5293C680B}.Release|Any CPU.Build.0 = Release|Any CPU
		{FD11C19E-DCF3-453D-81E5-72D5AA46B2C8}.Debug|Any CPU.ActiveCfg = Debug|Any CPU
		{FD11C19E-DCF3-453D-81E5-72D5AA46B2C8}.Debug|Any CPU.Build.0 = Debug|Any CPU
		{FD11C19E-DCF3-453D-81E5-72D5AA46B2C8}.Release|Any CPU.ActiveCfg = Release|Any CPU
		{FD11C19E-DCF3-453D-81E5-72D5AA46B2C8}.Release|Any CPU.Build.0 = Release|Any CPU
		{D1A1F168-30C6-4AA7-8C2F-2646BAD3FDF9}.Debug|Any CPU.ActiveCfg = Debug|Any CPU
		{D1A1F168-30C6-4AA7-8C2F-2646BAD3FDF9}.Debug|Any CPU.Build.0 = Debug|Any CPU
		{D1A1F168-30C6-4AA7-8C2F-2646BAD3FDF9}.Release|Any CPU.ActiveCfg = Release|Any CPU
		{D1A1F168-30C6-4AA7-8C2F-2646BAD3FDF9}.Release|Any CPU.Build.0 = Release|Any CPU
		{83BE65E6-B097-4F7C-B002-DEAAC69999D7}.Debug|Any CPU.ActiveCfg = Debug|Any CPU
		{83BE65E6-B097-4F7C-B002-DEAAC69999D7}.Debug|Any CPU.Build.0 = Debug|Any CPU
		{83BE65E6-B097-4F7C-B002-DEAAC69999D7}.Release|Any CPU.ActiveCfg = Release|Any CPU
		{83BE65E6-B097-4F7C-B002-DEAAC69999D7}.Release|Any CPU.Build.0 = Release|Any CPU
		{EA7A91AF-99CA-4012-8A6E-F77EEED2D677}.Debug|Any CPU.ActiveCfg = Debug|Any CPU
		{EA7A91AF-99CA-4012-8A6E-F77EEED2D677}.Debug|Any CPU.Build.0 = Debug|Any CPU
		{EA7A91AF-99CA-4012-8A6E-F77EEED2D677}.Release|Any CPU.ActiveCfg = Release|Any CPU
		{EA7A91AF-99CA-4012-8A6E-F77EEED2D677}.Release|Any CPU.Build.0 = Release|Any CPU
	EndGlobalSection
	GlobalSection(SolutionProperties) = preSolution
		HideSolutionNode = FALSE
	EndGlobalSection
	GlobalSection(NestedProjects) = preSolution
		{586615E6-D7CB-4B03-8524-94221E704829} = {68395508-9445-4D53-A72A-272CA2D7AADD}
		{AFA61362-37A2-45FB-BB61-2A3E0AE3C636} = {68395508-9445-4D53-A72A-272CA2D7AADD}
		{9F6D2780-37F2-437C-920A-8650C4437EA6} = {68395508-9445-4D53-A72A-272CA2D7AADD}
		{62960D77-A713-41B5-BB44-896B567F4DEB} = {B605306C-5736-4DF3-987D-FE64FC759849}
		{7E3673E6-BDB0-48B5-A50D-17EB67D997A4} = {B605306C-5736-4DF3-987D-FE64FC759849}
		{AA9971C1-B8DD-4136-AF86-6AFEE1147CA1} = {B605306C-5736-4DF3-987D-FE64FC759849}
		{56426CB3-E4F8-4618-858D-470F642EB52D} = {124A0468-E92A-4286-820A-12A836FD3DB3}
		{BF00B0A8-BCCB-473B-BB5B-F865AD1CB6E2} = {124A0468-E92A-4286-820A-12A836FD3DB3}
		{FD58C0ED-01E0-45F2-8FCD-C19B6F62EB94} = {124A0468-E92A-4286-820A-12A836FD3DB3}
		{65FB9B29-7CA7-4E57-8233-8EB45E376B36} = {8F543A34-0C21-4A33-9FF9-C1E8B6CF78FF}
		{8A3E2276-D7C4-4FBD-BC3E-A6233FA1476D} = {8F543A34-0C21-4A33-9FF9-C1E8B6CF78FF}
		{EF4BDCDB-9BE2-4FE6-8BF3-0BC1575F0003} = {8F543A34-0C21-4A33-9FF9-C1E8B6CF78FF}
		{6AD7556B-3767-48F1-8DB6-F99772C0B610} = {03BD9D9F-C36B-4CA2-8FCD-6037B8B87745}
		{CD5F6D1D-795C-43A2-B6E4-93E5293C680B} = {03BD9D9F-C36B-4CA2-8FCD-6037B8B87745}
		{FD11C19E-DCF3-453D-81E5-72D5AA46B2C8} = {03BD9D9F-C36B-4CA2-8FCD-6037B8B87745}
		{D1A1F168-30C6-4AA7-8C2F-2646BAD3FDF9} = {8DA1D19D-43AF-4DDA-8C22-DF2DB95A6CE8}
		{83BE65E6-B097-4F7C-B002-DEAAC69999D7} = {8DA1D19D-43AF-4DDA-8C22-DF2DB95A6CE8}
		{EA7A91AF-99CA-4012-8A6E-F77EEED2D677} = {8DA1D19D-43AF-4DDA-8C22-DF2DB95A6CE8}
	EndGlobalSection
	GlobalSection(ExtensibilityGlobals) = postSolution
		SolutionGuid = {0AC6558C-F179-4349-BAC0-05014D02AA7B}
	EndGlobalSection
EndGlobal
